<?xml version="1.0" encoding="utf-8"?>
<Project ToolsVersion="4.0" xmlns="http://schemas.microsoft.com/developer/msbuild/2003">
  <ItemGroup>
    <Filter Include="Source Files">
      <UniqueIdentifier>{4FC737F1-C7A5-4376-A066-2A32D752A2FF}</UniqueIdentifier>
      <Extensions>cpp;c;cc;cxx;def;odl;idl;hpj;bat;asm;asmx</Extensions>
    </Filter>
    <Filter Include="Header Files">
      <UniqueIdentifier>{93995380-89BD-4b04-88EB-625FBE52EBFB}</UniqueIdentifier>
      <Extensions>h;hh;hpp;hxx;hm;inl;inc;ipp;xsd</Extensions>
    </Filter>
    <Filter Include="Resource Files">
      <UniqueIdentifier>{67DA6AB6-F800-4c08-8B7A-83BB121AAD01}</UniqueIdentifier>
      <Extensions>rc;ico;cur;bmp;dlg;rc2;rct;bin;rgs;gif;jpg;jpeg;jpe;resx;tiff;tif;png;wav;mfcribbon-ms</Extensions>
    </Filter>
  </ItemGroup>
  <ItemGroup>
    <ClCompile Include="main.cpp">
      <Filter>Source Files</Filter>
    </ClCompile>
    <ClCompile Include="game\factories\sprite_factory.cpp">
      <Filter>Source Files</Filter>
    </ClCompile>
    <ClCompile Include="game\renderer\master_renderer.cpp">
      <Filter>Source Files</Filter>
    </ClCompile>
    <ClCompile Include="game\renderer\cube_renderer.cpp">
      <Filter>Source Files</Filter>
    </ClCompile>
    <ClCompile Include="game\world\chunk_map.cpp">
      <Filter>Source Files</Filter>
    </ClCompile>
    <ClCompile Include="game\world\chunk.cpp">
      <Filter>Source Files</Filter>
    </ClCompile>
    <ClCompile Include="game\factories\renderer_factory.cpp">
      <Filter>Source Files</Filter>
    </ClCompile>
    <ClCompile Include="game\util\hashing.cpp">
      <Filter>Source Files</Filter>
    </ClCompile>
    <ClCompile Include="game\camera\camera.cpp">
      <Filter>Source Files</Filter>
    </ClCompile>
    <ClCompile Include="game\graphics\shader.cpp">
      <Filter>Source Files</Filter>
    </ClCompile>
    <ClCompile Include="game\graphics\texture.cpp">
      <Filter>Source Files</Filter>
    </ClCompile>
    <ClCompile Include="game\graphics\material.cpp">
      <Filter>Source Files</Filter>
    </ClCompile>
    <ClCompile Include="game\graphics\mesh.cpp">
      <Filter>Source Files</Filter>
    </ClCompile>
    <ClCompile Include="game\graphics\mesh2d.cpp">
      <Filter>Source Files</Filter>
    </ClCompile>
    <ClCompile Include="game\graphics\texture2d.cpp">
      <Filter>Source Files</Filter>
    </ClCompile>
    <ClCompile Include="game\graphics\shapes\rect_prism.cpp">
      <Filter>Source Files</Filter>
    </ClCompile>
    <ClCompile Include="game\graphics\core\projection_matrix.cpp">
      <Filter>Source Files</Filter>
    </ClCompile>
    <ClCompile Include="game\graphics\core\model_matrix.cpp">
      <Filter>Source Files</Filter>
    </ClCompile>
    <ClCompile Include="game\window\window.cpp">
      <Filter>Source Files</Filter>
    </ClCompile>
  </ItemGroup>
  <ItemGroup>
    <ClInclude Include="game\factories\sprite_factory.h">
      <Filter>Header Files</Filter>
    </ClInclude>
    <ClInclude Include="game\renderer\master_renderer.h">
      <Filter>Header Files</Filter>
    </ClInclude>
    <ClInclude Include="game\sprite_type.h">
      <Filter>Header Files</Filter>
    </ClInclude>
    <ClInclude Include="game\renderer\cube_renderer.h">
      <Filter>Header Files</Filter>
    </ClInclude>
    <ClInclude Include="game\entity_type.h">
      <Filter>Header Files</Filter>
    </ClInclude>
    <ClInclude Include="game\world\chunk_map.h">
      <Filter>Header Files</Filter>
    </ClInclude>
    <ClInclude Include="game\world\chunk.h">
      <Filter>Header Files</Filter>
    </ClInclude>
    <ClInclude Include="game\factories\renderer_factory.h">
      <Filter>Header Files</Filter>
    </ClInclude>
    <ClInclude Include="game\util\hashing.h">
      <Filter>Header Files</Filter>
    </ClInclude>
    <ClInclude Include="game\camera\camera.h">
      <Filter>Header Files</Filter>
    </ClInclude>
    <ClInclude Include="game\graphics\texture.h">
      <Filter>Header Files</Filter>
    </ClInclude>
    <ClInclude Include="game\graphics\texture2d.h">
      <Filter>Header Files</Filter>
    </ClInclude>
    <ClInclude Include="game\graphics\material.h">
      <Filter>Header Files</Filter>
    </ClInclude>
    <ClInclude Include="game\graphics\mesh.h">
      <Filter>Header Files</Filter>
    </ClInclude>
    <ClInclude Include="game\graphics\mesh2d.h">
      <Filter>Header Files</Filter>
    </ClInclude>
    <ClInclude Include="game\graphics\shader.h">
      <Filter>Header Files</Filter>
    </ClInclude>
    <ClInclude Include="game\graphics\shapes\rect_prism.h">
      <Filter>Header Files</Filter>
    </ClInclude>
    <ClInclude Include="game\graphics\core\model_matrix.h">
      <Filter>Header Files</Filter>
    </ClInclude>
    <ClInclude Include="game\graphics\core\projection_matrix.h">
      <Filter>Header Files</Filter>
    </ClInclude>
    <ClInclude Include="game\graphics\core\vertex.h">
      <Filter>Header Files</Filter>
    </ClInclude>
    <ClInclude Include="game\window\window.h">
      <Filter>Header Files</Filter>
    </ClInclude>
    <ClInclude Include="const.h">
      <Filter>Header Files</Filter>
    </ClInclude>
    <ClInclude Include="game\objects\cube.h">
      <Filter>Header Files</Filter>
    </ClInclude>
  </ItemGroup>
  <ItemGroup>
    <None Include="resources\shaders\vertex_core.glsl">
      <Filter>Resource Files</Filter>
    </None>
    <None Include="resources\shaders\fragment_core.glsl">
      <Filter>Resource Files</Filter>
    </None>
  </ItemGroup>
</Project>